// !$*UTF8*$!
{
	archiveVersion = 1;
	classes = {
	};
	objectVersion = 55;
	objects = {

/* Begin PBXBuildFile section */
		8C5CF48A3FD44909ECCAF052 /* Pods_OnlineShop.framework in Frameworks */ = {isa = PBXBuildFile; fileRef = CD31E8F212298307BD32BA6B /* Pods_OnlineShop.framework */; };
		BF7AFDCB27F494BB00956BCA /* AppDelegate.swift in Sources */ = {isa = PBXBuildFile; fileRef = BF7AFDCA27F494BB00956BCA /* AppDelegate.swift */; };
		BF7AFDCD27F494BB00956BCA /* SceneDelegate.swift in Sources */ = {isa = PBXBuildFile; fileRef = BF7AFDCC27F494BB00956BCA /* SceneDelegate.swift */; };
		BF7AFDCF27F494BB00956BCA /* TabBarController.swift in Sources */ = {isa = PBXBuildFile; fileRef = BF7AFDCE27F494BB00956BCA /* TabBarController.swift */; };
		BF7AFDD427F494BD00956BCA /* Assets.xcassets in Resources */ = {isa = PBXBuildFile; fileRef = BF7AFDD327F494BD00956BCA /* Assets.xcassets */; };
		BF7AFDD727F494BD00956BCA /* LaunchScreen.storyboard in Resources */ = {isa = PBXBuildFile; fileRef = BF7AFDD527F494BD00956BCA /* LaunchScreen.storyboard */; };
		BF7AFDDF27F49CE100956BCA /* ShopCartViewController.swift in Sources */ = {isa = PBXBuildFile; fileRef = BF7AFDDE27F49CE100956BCA /* ShopCartViewController.swift */; };
		BF7AFDE127F49F3500956BCA /* HomeViewController.swift in Sources */ = {isa = PBXBuildFile; fileRef = BF7AFDE027F49F3400956BCA /* HomeViewController.swift */; };
		BF7AFDE327F49F4800956BCA /* SingleItemViewController.swift in Sources */ = {isa = PBXBuildFile; fileRef = BF7AFDE227F49F4800956BCA /* SingleItemViewController.swift */; };
		BF7AFDE527F49F9400956BCA /* CatalogViewController.swift in Sources */ = {isa = PBXBuildFile; fileRef = BF7AFDE427F49F9400956BCA /* CatalogViewController.swift */; };
		BF7AFDE727F4A7E200956BCA /* ItemCollectionViewCell.swift in Sources */ = {isa = PBXBuildFile; fileRef = BF7AFDE627F4A7E200956BCA /* ItemCollectionViewCell.swift */; };
		BF7AFDE927F4EA5C00956BCA /* ProductsModel.swift in Sources */ = {isa = PBXBuildFile; fileRef = BF7AFDE827F4EA5C00956BCA /* ProductsModel.swift */; };
		BF7B79FC2804BD4C0028B8FD /* Extensions.swift in Sources */ = {isa = PBXBuildFile; fileRef = BF7B79FB2804BD4C0028B8FD /* Extensions.swift */; };
		BFAC2F19280715B7000060FE /* Image.swift in Sources */ = {isa = PBXBuildFile; fileRef = BFAC2F18280715B7000060FE /* Image.swift */; };
		BFAC2F1B2807172D000060FE /* FirebaseAuthManager.swift in Sources */ = {isa = PBXBuildFile; fileRef = BFAC2F1A2807172D000060FE /* FirebaseAuthManager.swift */; };
		BFAC2F1D28072C48000060FE /* FilterManager.swift in Sources */ = {isa = PBXBuildFile; fileRef = BFAC2F1C28072C48000060FE /* FilterManager.swift */; };
		BFAC2F1F28073EAE000060FE /* VideoManager.swift in Sources */ = {isa = PBXBuildFile; fileRef = BFAC2F1E28073EAE000060FE /* VideoManager.swift */; };
		BFBC7EFA2801C33500C88C29 /* EnterViewController.swift in Sources */ = {isa = PBXBuildFile; fileRef = BFBC7EF92801C33500C88C29 /* EnterViewController.swift */; };
		BFBC7EFF2801F12300C88C29 /* NewAccountViewController.swift in Sources */ = {isa = PBXBuildFile; fileRef = BFBC7EFE2801F12300C88C29 /* NewAccountViewController.swift */; };
		BFBC7F012801FE6E00C88C29 /* FirebaseDataBaseManager.swift in Sources */ = {isa = PBXBuildFile; fileRef = BFBC7F002801FE6E00C88C29 /* FirebaseDataBaseManager.swift */; };
		BFBC7F0328024C7000C88C29 /* InViewController.swift in Sources */ = {isa = PBXBuildFile; fileRef = BFBC7F0228024C6F00C88C29 /* InViewController.swift */; };
		BFBC7F05280264D600C88C29 /* videomain.mp4 in Resources */ = {isa = PBXBuildFile; fileRef = BFBC7F0428025E9500C88C29 /* videomain.mp4 */; };
		BFC30E7127FC863700A53419 /* GoogleService-Info.plist in Resources */ = {isa = PBXBuildFile; fileRef = BFC30E7027FC863700A53419 /* GoogleService-Info.plist */; };
		BFCEB5A727F76D7C00A4A6B2 /* FavoriteViewController.swift in Sources */ = {isa = PBXBuildFile; fileRef = BFCEB5A627F76D7C00A4A6B2 /* FavoriteViewController.swift */; };
		BFF3184727FB32F7008E292B /* Constants.swift in Sources */ = {isa = PBXBuildFile; fileRef = BFF3184627FB32F7008E292B /* Constants.swift */; };
		BFF3184B27FB5DEB008E292B /* CartCollectionViewCell.swift in Sources */ = {isa = PBXBuildFile; fileRef = BFF3184A27FB5DEA008E292B /* CartCollectionViewCell.swift */; };
		BFF3184F27FB7BF1008E292B /* ProfileViewController.swift in Sources */ = {isa = PBXBuildFile; fileRef = BFF3184E27FB7BF1008E292B /* ProfileViewController.swift */; };
		BFF3185127FB99E4008E292B /* DeliveryOrderView.swift in Sources */ = {isa = PBXBuildFile; fileRef = BFF3185027FB99E4008E292B /* DeliveryOrderView.swift */; };
		BFF3185327FBC3DD008E292B /* ShopCollectionViewCell.swift in Sources */ = {isa = PBXBuildFile; fileRef = BFF3185227FBC3DD008E292B /* ShopCollectionViewCell.swift */; };
		BFF3185527FBC4F1008E292B /* FavoriteCollectionViewCell.swift in Sources */ = {isa = PBXBuildFile; fileRef = BFF3185427FBC4F1008E292B /* FavoriteCollectionViewCell.swift */; };
/* End PBXBuildFile section */

/* Begin PBXFileReference section */
		256B2D872A12018761D0228F /* Pods-OnlineShop.release.xcconfig */ = {isa = PBXFileReference; includeInIndex = 1; lastKnownFileType = text.xcconfig; name = "Pods-OnlineShop.release.xcconfig"; path = "Target Support Files/Pods-OnlineShop/Pods-OnlineShop.release.xcconfig"; sourceTree = "<group>"; };
		8ABBC8A7F6F64A85BA149740 /* Pods-OnlineShop.debug.xcconfig */ = {isa = PBXFileReference; includeInIndex = 1; lastKnownFileType = text.xcconfig; name = "Pods-OnlineShop.debug.xcconfig"; path = "Target Support Files/Pods-OnlineShop/Pods-OnlineShop.debug.xcconfig"; sourceTree = "<group>"; };
		BF7AFDC727F494BB00956BCA /* OnlineShop.app */ = {isa = PBXFileReference; explicitFileType = wrapper.application; includeInIndex = 0; path = OnlineShop.app; sourceTree = BUILT_PRODUCTS_DIR; };
		BF7AFDCA27F494BB00956BCA /* AppDelegate.swift */ = {isa = PBXFileReference; lastKnownFileType = sourcecode.swift; path = AppDelegate.swift; sourceTree = "<group>"; };
		BF7AFDCC27F494BB00956BCA /* SceneDelegate.swift */ = {isa = PBXFileReference; lastKnownFileType = sourcecode.swift; path = SceneDelegate.swift; sourceTree = "<group>"; };
		BF7AFDCE27F494BB00956BCA /* TabBarController.swift */ = {isa = PBXFileReference; lastKnownFileType = sourcecode.swift; path = TabBarController.swift; sourceTree = "<group>"; };
		BF7AFDD327F494BD00956BCA /* Assets.xcassets */ = {isa = PBXFileReference; lastKnownFileType = folder.assetcatalog; path = Assets.xcassets; sourceTree = "<group>"; };
		BF7AFDD627F494BD00956BCA /* Base */ = {isa = PBXFileReference; lastKnownFileType = file.storyboard; name = Base; path = Base.lproj/LaunchScreen.storyboard; sourceTree = "<group>"; };
		BF7AFDD827F494BD00956BCA /* Info.plist */ = {isa = PBXFileReference; lastKnownFileType = text.plist.xml; path = Info.plist; sourceTree = "<group>"; };
		BF7AFDDE27F49CE100956BCA /* ShopCartViewController.swift */ = {isa = PBXFileReference; lastKnownFileType = sourcecode.swift; path = ShopCartViewController.swift; sourceTree = "<group>"; };
		BF7AFDE027F49F3400956BCA /* HomeViewController.swift */ = {isa = PBXFileReference; lastKnownFileType = sourcecode.swift; path = HomeViewController.swift; sourceTree = "<group>"; };
		BF7AFDE227F49F4800956BCA /* SingleItemViewController.swift */ = {isa = PBXFileReference; lastKnownFileType = sourcecode.swift; path = SingleItemViewController.swift; sourceTree = "<group>"; };
		BF7AFDE427F49F9400956BCA /* CatalogViewController.swift */ = {isa = PBXFileReference; lastKnownFileType = sourcecode.swift; path = CatalogViewController.swift; sourceTree = "<group>"; };
		BF7AFDE627F4A7E200956BCA /* ItemCollectionViewCell.swift */ = {isa = PBXFileReference; lastKnownFileType = sourcecode.swift; path = ItemCollectionViewCell.swift; sourceTree = "<group>"; usesTabs = 1; };
		BF7AFDE827F4EA5C00956BCA /* ProductsModel.swift */ = {isa = PBXFileReference; lastKnownFileType = sourcecode.swift; path = ProductsModel.swift; sourceTree = "<group>"; };
		BF7B79FB2804BD4C0028B8FD /* Extensions.swift */ = {isa = PBXFileReference; lastKnownFileType = sourcecode.swift; path = Extensions.swift; sourceTree = "<group>"; };
		BFAC2F18280715B7000060FE /* Image.swift */ = {isa = PBXFileReference; lastKnownFileType = sourcecode.swift; path = Image.swift; sourceTree = "<group>"; };
		BFAC2F1A2807172D000060FE /* FirebaseAuthManager.swift */ = {isa = PBXFileReference; lastKnownFileType = sourcecode.swift; path = FirebaseAuthManager.swift; sourceTree = "<group>"; };
		BFAC2F1C28072C48000060FE /* FilterManager.swift */ = {isa = PBXFileReference; lastKnownFileType = sourcecode.swift; path = FilterManager.swift; sourceTree = "<group>"; };
		BFAC2F1E28073EAE000060FE /* VideoManager.swift */ = {isa = PBXFileReference; lastKnownFileType = sourcecode.swift; path = VideoManager.swift; sourceTree = "<group>"; };
		BFBC7EF92801C33500C88C29 /* EnterViewController.swift */ = {isa = PBXFileReference; lastKnownFileType = sourcecode.swift; path = EnterViewController.swift; sourceTree = "<group>"; };
		BFBC7EFE2801F12300C88C29 /* NewAccountViewController.swift */ = {isa = PBXFileReference; lastKnownFileType = sourcecode.swift; path = NewAccountViewController.swift; sourceTree = "<group>"; };
		BFBC7F002801FE6E00C88C29 /* FirebaseDataBaseManager.swift */ = {isa = PBXFileReference; fileEncoding = 4; lastKnownFileType = sourcecode.swift; path = FirebaseDataBaseManager.swift; sourceTree = "<group>"; };
		BFBC7F0228024C6F00C88C29 /* InViewController.swift */ = {isa = PBXFileReference; lastKnownFileType = sourcecode.swift; path = InViewController.swift; sourceTree = "<group>"; };
		BFBC7F0428025E9500C88C29 /* videomain.mp4 */ = {isa = PBXFileReference; lastKnownFileType = file; path = videomain.mp4; sourceTree = "<group>"; };
		BFC30E7027FC863700A53419 /* GoogleService-Info.plist */ = {isa = PBXFileReference; fileEncoding = 4; lastKnownFileType = text.plist.xml; path = "GoogleService-Info.plist"; sourceTree = "<group>"; };
		BFCEB5A627F76D7C00A4A6B2 /* FavoriteViewController.swift */ = {isa = PBXFileReference; lastKnownFileType = sourcecode.swift; path = FavoriteViewController.swift; sourceTree = "<group>"; };
		BFF3184627FB32F7008E292B /* Constants.swift */ = {isa = PBXFileReference; lastKnownFileType = sourcecode.swift; path = Constants.swift; sourceTree = "<group>"; };
		BFF3184A27FB5DEA008E292B /* CartCollectionViewCell.swift */ = {isa = PBXFileReference; fileEncoding = 4; lastKnownFileType = sourcecode.swift; path = CartCollectionViewCell.swift; sourceTree = "<group>"; };
		BFF3184E27FB7BF1008E292B /* ProfileViewController.swift */ = {isa = PBXFileReference; lastKnownFileType = sourcecode.swift; path = ProfileViewController.swift; sourceTree = "<group>"; };
		BFF3185027FB99E4008E292B /* DeliveryOrderView.swift */ = {isa = PBXFileReference; lastKnownFileType = sourcecode.swift; path = DeliveryOrderView.swift; sourceTree = "<group>"; };
		BFF3185227FBC3DD008E292B /* ShopCollectionViewCell.swift */ = {isa = PBXFileReference; lastKnownFileType = sourcecode.swift; path = ShopCollectionViewCell.swift; sourceTree = "<group>"; };
		BFF3185427FBC4F1008E292B /* FavoriteCollectionViewCell.swift */ = {isa = PBXFileReference; lastKnownFileType = sourcecode.swift; path = FavoriteCollectionViewCell.swift; sourceTree = "<group>"; };
		CD31E8F212298307BD32BA6B /* Pods_OnlineShop.framework */ = {isa = PBXFileReference; explicitFileType = wrapper.framework; includeInIndex = 0; path = Pods_OnlineShop.framework; sourceTree = BUILT_PRODUCTS_DIR; };
/* End PBXFileReference section */

/* Begin PBXFrameworksBuildPhase section */
		BF7AFDC427F494BB00956BCA /* Frameworks */ = {
			isa = PBXFrameworksBuildPhase;
			buildActionMask = 2147483647;
			files = (
				8C5CF48A3FD44909ECCAF052 /* Pods_OnlineShop.framework in Frameworks */,
			);
			runOnlyForDeploymentPostprocessing = 0;
		};
/* End PBXFrameworksBuildPhase section */

/* Begin PBXGroup section */
		11F3C04452663488CDB585A6 /* Frameworks */ = {
			isa = PBXGroup;
			children = (
				CD31E8F212298307BD32BA6B /* Pods_OnlineShop.framework */,
			);
			name = Frameworks;
			sourceTree = "<group>";
		};
		7948E8937A421FD0D6F2D7A8 /* Pods */ = {
			isa = PBXGroup;
			children = (
				8ABBC8A7F6F64A85BA149740 /* Pods-OnlineShop.debug.xcconfig */,
				256B2D872A12018761D0228F /* Pods-OnlineShop.release.xcconfig */,
			);
			path = Pods;
			sourceTree = "<group>";
		};
		BF7AFDBE27F494BB00956BCA = {
			isa = PBXGroup;
			children = (
				BFBC7F0428025E9500C88C29 /* videomain.mp4 */,
				BF7AFDC927F494BB00956BCA /* OnlineShop */,
				BF7AFDC827F494BB00956BCA /* Products */,
				7948E8937A421FD0D6F2D7A8 /* Pods */,
				11F3C04452663488CDB585A6 /* Frameworks */,
			);
			sourceTree = "<group>";
		};
		BF7AFDC827F494BB00956BCA /* Products */ = {
			isa = PBXGroup;
			children = (
				BF7AFDC727F494BB00956BCA /* OnlineShop.app */,
			);
			name = Products;
			sourceTree = "<group>";
		};
		BF7AFDC927F494BB00956BCA /* OnlineShop */ = {
			isa = PBXGroup;
			children = (
				BFCEB5AB27F78FDB00A4A6B2 /* View */,
				BFCEB5AA27F78FC400A4A6B2 /* Managers */,
				BFCEB5A927F78FA600A4A6B2 /* Models */,
				BFCEB5A827F78F8C00A4A6B2 /* Viewcontrollers */,
				BF7AFDD327F494BD00956BCA /* Assets.xcassets */,
				BF7AFDD527F494BD00956BCA /* LaunchScreen.storyboard */,
				BF7AFDD827F494BD00956BCA /* Info.plist */,
				BFC30E7027FC863700A53419 /* GoogleService-Info.plist */,
			);
			path = OnlineShop;
			sourceTree = "<group>";
		};
		BFBC7EF82801C30F00C88C29 /* Authentification */ = {
			isa = PBXGroup;
			children = (
				BFBC7EF92801C33500C88C29 /* EnterViewController.swift */,
				BFBC7EFE2801F12300C88C29 /* NewAccountViewController.swift */,
				BFBC7F0228024C6F00C88C29 /* InViewController.swift */,
			);
			path = Authentification;
			sourceTree = "<group>";
		};
		BFCEB5A827F78F8C00A4A6B2 /* Viewcontrollers */ = {
			isa = PBXGroup;
			children = (
				BFBC7EF82801C30F00C88C29 /* Authentification */,
				BFF3184E27FB7BF1008E292B /* ProfileViewController.swift */,
				BF7AFDCE27F494BB00956BCA /* TabBarController.swift */,
				BF7AFDE227F49F4800956BCA /* SingleItemViewController.swift */,
				BF7AFDDE27F49CE100956BCA /* ShopCartViewController.swift */,
				BFCEB5A627F76D7C00A4A6B2 /* FavoriteViewController.swift */,
				BF7AFDE427F49F9400956BCA /* CatalogViewController.swift */,
				BF7AFDE027F49F3400956BCA /* HomeViewController.swift */,
			);
			path = Viewcontrollers;
			sourceTree = "<group>";
		};
		BFCEB5A927F78FA600A4A6B2 /* Models */ = {
			isa = PBXGroup;
			children = (
				BF7AFDE827F4EA5C00956BCA /* ProductsModel.swift */,
				BFAC2F18280715B7000060FE /* Image.swift */,
			);
			path = Models;
			sourceTree = "<group>";
		};
		BFCEB5AA27F78FC400A4A6B2 /* Managers */ = {
			isa = PBXGroup;
			children = (
				BFF3184627FB32F7008E292B /* Constants.swift */,
				BF7AFDCC27F494BB00956BCA /* SceneDelegate.swift */,
				BFBC7F002801FE6E00C88C29 /* FirebaseDataBaseManager.swift */,
				BFAC2F1A2807172D000060FE /* FirebaseAuthManager.swift */,
				BF7AFDCA27F494BB00956BCA /* AppDelegate.swift */,
				BF7B79FB2804BD4C0028B8FD /* Extensions.swift */,
				BFAC2F1C28072C48000060FE /* FilterManager.swift */,
				BFAC2F1E28073EAE000060FE /* VideoManager.swift */,
			);
			path = Managers;
			sourceTree = "<group>";
		};
		BFCEB5AB27F78FDB00A4A6B2 /* View */ = {
			isa = PBXGroup;
			children = (
				BF7AFDE627F4A7E200956BCA /* ItemCollectionViewCell.swift */,
				BFF3184A27FB5DEA008E292B /* CartCollectionViewCell.swift */,
				BFF3185227FBC3DD008E292B /* ShopCollectionViewCell.swift */,
				BFF3185427FBC4F1008E292B /* FavoriteCollectionViewCell.swift */,
				BFF3185027FB99E4008E292B /* DeliveryOrderView.swift */,
			);
			path = View;
			sourceTree = "<group>";
		};
/* End PBXGroup section */

/* Begin PBXNativeTarget section */
		BF7AFDC627F494BB00956BCA /* OnlineShop */ = {
			isa = PBXNativeTarget;
			buildConfigurationList = BF7AFDDB27F494BD00956BCA /* Build configuration list for PBXNativeTarget "OnlineShop" */;
			buildPhases = (
				C42FED70665FC86345EB016A /* [CP] Check Pods Manifest.lock */,
				BF7AFDC327F494BB00956BCA /* Sources */,
				BF7AFDC427F494BB00956BCA /* Frameworks */,
				BF7AFDC527F494BB00956BCA /* Resources */,
				D7666A8133EFB3F18BF73B77 /* [CP] Embed Pods Frameworks */,
			);
			buildRules = (
			);
			dependencies = (
			);
			name = OnlineShop;
			productName = OnlineShop;
			productReference = BF7AFDC727F494BB00956BCA /* OnlineShop.app */;
			productType = "com.apple.product-type.application";
		};
/* End PBXNativeTarget section */

/* Begin PBXProject section */
		BF7AFDBF27F494BB00956BCA /* Project object */ = {
			isa = PBXProject;
			attributes = {
				BuildIndependentTargetsInParallel = 1;
				LastSwiftUpdateCheck = 1320;
				LastUpgradeCheck = 1320;
				TargetAttributes = {
					BF7AFDC627F494BB00956BCA = {
						CreatedOnToolsVersion = 13.2.1;
					};
				};
			};
			buildConfigurationList = BF7AFDC227F494BB00956BCA /* Build configuration list for PBXProject "OnlineShop" */;
			compatibilityVersion = "Xcode 13.0";
			developmentRegion = en;
			hasScannedForEncodings = 0;
			knownRegions = (
				en,
				Base,
			);
			mainGroup = BF7AFDBE27F494BB00956BCA;
			productRefGroup = BF7AFDC827F494BB00956BCA /* Products */;
			projectDirPath = "";
			projectRoot = "";
			targets = (
				BF7AFDC627F494BB00956BCA /* OnlineShop */,
			);
		};
/* End PBXProject section */

/* Begin PBXResourcesBuildPhase section */
		BF7AFDC527F494BB00956BCA /* Resources */ = {
			isa = PBXResourcesBuildPhase;
			buildActionMask = 2147483647;
			files = (
				BF7AFDD727F494BD00956BCA /* LaunchScreen.storyboard in Resources */,
				BFC30E7127FC863700A53419 /* GoogleService-Info.plist in Resources */,
				BFBC7F05280264D600C88C29 /* videomain.mp4 in Resources */,
				BF7AFDD427F494BD00956BCA /* Assets.xcassets in Resources */,
			);
			runOnlyForDeploymentPostprocessing = 0;
		};
/* End PBXResourcesBuildPhase section */

/* Begin PBXShellScriptBuildPhase section */
		C42FED70665FC86345EB016A /* [CP] Check Pods Manifest.lock */ = {
			isa = PBXShellScriptBuildPhase;
			buildActionMask = 2147483647;
			files = (
			);
			inputFileListPaths = (
			);
			inputPaths = (
				"${PODS_PODFILE_DIR_PATH}/Podfile.lock",
				"${PODS_ROOT}/Manifest.lock",
			);
			name = "[CP] Check Pods Manifest.lock";
			outputFileListPaths = (
			);
			outputPaths = (
				"$(DERIVED_FILE_DIR)/Pods-OnlineShop-checkManifestLockResult.txt",
			);
			runOnlyForDeploymentPostprocessing = 0;
			shellPath = /bin/sh;
			shellScript = "diff \"${PODS_PODFILE_DIR_PATH}/Podfile.lock\" \"${PODS_ROOT}/Manifest.lock\" > /dev/null\nif [ $? != 0 ] ; then\n    # print error to STDERR\n    echo \"error: The sandbox is not in sync with the Podfile.lock. Run 'pod install' or update your CocoaPods installation.\" >&2\n    exit 1\nfi\n# This output is used by Xcode 'outputs' to avoid re-running this script phase.\necho \"SUCCESS\" > \"${SCRIPT_OUTPUT_FILE_0}\"\n";
			showEnvVarsInLog = 0;
		};
		D7666A8133EFB3F18BF73B77 /* [CP] Embed Pods Frameworks */ = {
			isa = PBXShellScriptBuildPhase;
			buildActionMask = 2147483647;
			files = (
			);
			inputFileListPaths = (
				"${PODS_ROOT}/Target Support Files/Pods-OnlineShop/Pods-OnlineShop-frameworks-${CONFIGURATION}-input-files.xcfilelist",
			);
			name = "[CP] Embed Pods Frameworks";
			outputFileListPaths = (
				"${PODS_ROOT}/Target Support Files/Pods-OnlineShop/Pods-OnlineShop-frameworks-${CONFIGURATION}-output-files.xcfilelist",
			);
			runOnlyForDeploymentPostprocessing = 0;
			shellPath = /bin/sh;
			shellScript = "\"${PODS_ROOT}/Target Support Files/Pods-OnlineShop/Pods-OnlineShop-frameworks.sh\"\n";
			showEnvVarsInLog = 0;
		};
/* End PBXShellScriptBuildPhase section */

/* Begin PBXSourcesBuildPhase section */
		BF7AFDC327F494BB00956BCA /* Sources */ = {
			isa = PBXSourcesBuildPhase;
			buildActionMask = 2147483647;
			files = (
				BF7AFDE527F49F9400956BCA /* CatalogViewController.swift in Sources */,
				BF7AFDE927F4EA5C00956BCA /* ProductsModel.swift in Sources */,
				BFAC2F1F28073EAE000060FE /* VideoManager.swift in Sources */,
				BFF3185527FBC4F1008E292B /* FavoriteCollectionViewCell.swift in Sources */,
				BF7AFDCF27F494BB00956BCA /* TabBarController.swift in Sources */,
				BFBC7EFF2801F12300C88C29 /* NewAccountViewController.swift in Sources */,
				BF7AFDCB27F494BB00956BCA /* AppDelegate.swift in Sources */,
				BFBC7F0328024C7000C88C29 /* InViewController.swift in Sources */,
				BFF3184F27FB7BF1008E292B /* ProfileViewController.swift in Sources */,
				BFBC7EFA2801C33500C88C29 /* EnterViewController.swift in Sources */,
				BFAC2F19280715B7000060FE /* Image.swift in Sources */,
				BFAC2F1B2807172D000060FE /* FirebaseAuthManager.swift in Sources */,
				BF7AFDDF27F49CE100956BCA /* ShopCartViewController.swift in Sources */,
				BFF3184B27FB5DEB008E292B /* CartCollectionViewCell.swift in Sources */,
				BF7AFDE327F49F4800956BCA /* SingleItemViewController.swift in Sources */,
				BFCEB5A727F76D7C00A4A6B2 /* FavoriteViewController.swift in Sources */,
				BF7B79FC2804BD4C0028B8FD /* Extensions.swift in Sources */,
				BFF3185127FB99E4008E292B /* DeliveryOrderView.swift in Sources */,
				BFBC7F012801FE6E00C88C29 /* FirebaseDataBaseManager.swift in Sources */,
				BF7AFDE727F4A7E200956BCA /* ItemCollectionViewCell.swift in Sources */,
				BFF3184727FB32F7008E292B /* Constants.swift in Sources */,
				BF7AFDCD27F494BB00956BCA /* SceneDelegate.swift in Sources */,
				BF7AFDE127F49F3500956BCA /* HomeViewController.swift in Sources */,
				BFF3185327FBC3DD008E292B /* ShopCollectionViewCell.swift in Sources */,
				BFAC2F1D28072C48000060FE /* FilterManager.swift in Sources */,
			);
			runOnlyForDeploymentPostprocessing = 0;
		};
/* End PBXSourcesBuildPhase section */

/* Begin PBXVariantGroup section */
		BF7AFDD527F494BD00956BCA /* LaunchScreen.storyboard */ = {
			isa = PBXVariantGroup;
			children = (
				BF7AFDD627F494BD00956BCA /* Base */,
			);
			name = LaunchScreen.storyboard;
			sourceTree = "<group>";
		};
/* End PBXVariantGroup section */

/* Begin XCBuildConfiguration section */
		BF7AFDD927F494BD00956BCA /* Debug */ = {
			isa = XCBuildConfiguration;
			buildSettings = {
				ALWAYS_SEARCH_USER_PATHS = NO;
				CLANG_ANALYZER_NONNULL = YES;
				CLANG_ANALYZER_NUMBER_OBJECT_CONVERSION = YES_AGGRESSIVE;
				CLANG_CXX_LANGUAGE_STANDARD = "gnu++17";
				CLANG_CXX_LIBRARY = "libc++";
				CLANG_ENABLE_MODULES = YES;
				CLANG_ENABLE_OBJC_ARC = YES;
				CLANG_ENABLE_OBJC_WEAK = YES;
				CLANG_WARN_BLOCK_CAPTURE_AUTORELEASING = YES;
				CLANG_WARN_BOOL_CONVERSION = YES;
				CLANG_WARN_COMMA = YES;
				CLANG_WARN_CONSTANT_CONVERSION = YES;
				CLANG_WARN_DEPRECATED_OBJC_IMPLEMENTATIONS = YES;
				CLANG_WARN_DIRECT_OBJC_ISA_USAGE = YES_ERROR;
				CLANG_WARN_DOCUMENTATION_COMMENTS = YES;
				CLANG_WARN_EMPTY_BODY = YES;
				CLANG_WARN_ENUM_CONVERSION = YES;
				CLANG_WARN_INFINITE_RECURSION = YES;
				CLANG_WARN_INT_CONVERSION = YES;
				CLANG_WARN_NON_LITERAL_NULL_CONVERSION = YES;
				CLANG_WARN_OBJC_IMPLICIT_RETAIN_SELF = YES;
				CLANG_WARN_OBJC_LITERAL_CONVERSION = YES;
				CLANG_WARN_OBJC_ROOT_CLASS = YES_ERROR;
				CLANG_WARN_QUOTED_INCLUDE_IN_FRAMEWORK_HEADER = YES;
				CLANG_WARN_RANGE_LOOP_ANALYSIS = YES;
				CLANG_WARN_STRICT_PROTOTYPES = YES;
				CLANG_WARN_SUSPICIOUS_MOVE = YES;
				CLANG_WARN_UNGUARDED_AVAILABILITY = YES_AGGRESSIVE;
				CLANG_WARN_UNREACHABLE_CODE = YES;
				CLANG_WARN__DUPLICATE_METHOD_MATCH = YES;
				COPY_PHASE_STRIP = NO;
				DEBUG_INFORMATION_FORMAT = dwarf;
				ENABLE_STRICT_OBJC_MSGSEND = YES;
				ENABLE_TESTABILITY = YES;
				GCC_C_LANGUAGE_STANDARD = gnu11;
				GCC_DYNAMIC_NO_PIC = NO;
				GCC_NO_COMMON_BLOCKS = YES;
				GCC_OPTIMIZATION_LEVEL = 0;
				GCC_PREPROCESSOR_DEFINITIONS = (
					"DEBUG=1",
					"$(inherited)",
				);
				GCC_WARN_64_TO_32_BIT_CONVERSION = YES;
				GCC_WARN_ABOUT_RETURN_TYPE = YES_ERROR;
				GCC_WARN_UNDECLARED_SELECTOR = YES;
				GCC_WARN_UNINITIALIZED_AUTOS = YES_AGGRESSIVE;
				GCC_WARN_UNUSED_FUNCTION = YES;
				GCC_WARN_UNUSED_VARIABLE = YES;
				IPHONEOS_DEPLOYMENT_TARGET = 15.2;
				MTL_ENABLE_DEBUG_INFO = INCLUDE_SOURCE;
				MTL_FAST_MATH = YES;
				ONLY_ACTIVE_ARCH = YES;
				SDKROOT = iphoneos;
				SWIFT_ACTIVE_COMPILATION_CONDITIONS = DEBUG;
				SWIFT_OPTIMIZATION_LEVEL = "-Onone";
			};
			name = Debug;
		};
		BF7AFDDA27F494BD00956BCA /* Release */ = {
			isa = XCBuildConfiguration;
			buildSettings = {
				ALWAYS_SEARCH_USER_PATHS = NO;
				CLANG_ANALYZER_NONNULL = YES;
				CLANG_ANALYZER_NUMBER_OBJECT_CONVERSION = YES_AGGRESSIVE;
				CLANG_CXX_LANGUAGE_STANDARD = "gnu++17";
				CLANG_CXX_LIBRARY = "libc++";
				CLANG_ENABLE_MODULES = YES;
				CLANG_ENABLE_OBJC_ARC = YES;
				CLANG_ENABLE_OBJC_WEAK = YES;
				CLANG_WARN_BLOCK_CAPTURE_AUTORELEASING = YES;
				CLANG_WARN_BOOL_CONVERSION = YES;
				CLANG_WARN_COMMA = YES;
				CLANG_WARN_CONSTANT_CONVERSION = YES;
				CLANG_WARN_DEPRECATED_OBJC_IMPLEMENTATIONS = YES;
				CLANG_WARN_DIRECT_OBJC_ISA_USAGE = YES_ERROR;
				CLANG_WARN_DOCUMENTATION_COMMENTS = YES;
				CLANG_WARN_EMPTY_BODY = YES;
				CLANG_WARN_ENUM_CONVERSION = YES;
				CLANG_WARN_INFINITE_RECURSION = YES;
				CLANG_WARN_INT_CONVERSION = YES;
				CLANG_WARN_NON_LITERAL_NULL_CONVERSION = YES;
				CLANG_WARN_OBJC_IMPLICIT_RETAIN_SELF = YES;
				CLANG_WARN_OBJC_LITERAL_CONVERSION = YES;
				CLANG_WARN_OBJC_ROOT_CLASS = YES_ERROR;
				CLANG_WARN_QUOTED_INCLUDE_IN_FRAMEWORK_HEADER = YES;
				CLANG_WARN_RANGE_LOOP_ANALYSIS = YES;
				CLANG_WARN_STRICT_PROTOTYPES = YES;
				CLANG_WARN_SUSPICIOUS_MOVE = YES;
				CLANG_WARN_UNGUARDED_AVAILABILITY = YES_AGGRESSIVE;
				CLANG_WARN_UNREACHABLE_CODE = YES;
				CLANG_WARN__DUPLICATE_METHOD_MATCH = YES;
				COPY_PHASE_STRIP = NO;
				DEBUG_INFORMATION_FORMAT = "dwarf-with-dsym";
				ENABLE_NS_ASSERTIONS = NO;
				ENABLE_STRICT_OBJC_MSGSEND = YES;
				GCC_C_LANGUAGE_STANDARD = gnu11;
				GCC_NO_COMMON_BLOCKS = YES;
				GCC_WARN_64_TO_32_BIT_CONVERSION = YES;
				GCC_WARN_ABOUT_RETURN_TYPE = YES_ERROR;
				GCC_WARN_UNDECLARED_SELECTOR = YES;
				GCC_WARN_UNINITIALIZED_AUTOS = YES_AGGRESSIVE;
				GCC_WARN_UNUSED_FUNCTION = YES;
				GCC_WARN_UNUSED_VARIABLE = YES;
				IPHONEOS_DEPLOYMENT_TARGET = 15.2;
				MTL_ENABLE_DEBUG_INFO = NO;
				MTL_FAST_MATH = YES;
				SDKROOT = iphoneos;
				SWIFT_COMPILATION_MODE = wholemodule;
				SWIFT_OPTIMIZATION_LEVEL = "-O";
				VALIDATE_PRODUCT = YES;
			};
			name = Release;
		};
		BF7AFDDC27F494BD00956BCA /* Debug */ = {
			isa = XCBuildConfiguration;
			baseConfigurationReference = 8ABBC8A7F6F64A85BA149740 /* Pods-OnlineShop.debug.xcconfig */;
			buildSettings = {
				ASSETCATALOG_COMPILER_APPICON_NAME = AppIcon;
				ASSETCATALOG_COMPILER_GLOBAL_ACCENT_COLOR_NAME = AccentColor;
				CODE_SIGN_STYLE = Automatic;
				CURRENT_PROJECT_VERSION = 1;
				DEVELOPMENT_TEAM = WN5VMWRJC6;
				GENERATE_INFOPLIST_FILE = YES;
				INFOPLIST_FILE = OnlineShop/Info.plist;
				INFOPLIST_KEY_UIApplicationSupportsIndirectInputEvents = YES;
				INFOPLIST_KEY_UILaunchStoryboardName = LaunchScreen;
				INFOPLIST_KEY_UISupportedInterfaceOrientations = UIInterfaceOrientationPortrait;
				INFOPLIST_KEY_UISupportedInterfaceOrientations_iPad = "UIInterfaceOrientationPortrait UIInterfaceOrientationPortraitUpsideDown UIInterfaceOrientationLandscapeLeft UIInterfaceOrientationLandscapeRight";
				INFOPLIST_KEY_UISupportedInterfaceOrientations_iPhone = "UIInterfaceOrientationPortrait UIInterfaceOrientationLandscapeLeft UIInterfaceOrientationLandscapeRight";
				LD_RUNPATH_SEARCH_PATHS = (
					"$(inherited)",
					"@executable_path/Frameworks",
				);
				MARKETING_VERSION = 1.0;
				PRODUCT_BUNDLE_IDENTIFIER = Marchenko.OnlineShop;
				PRODUCT_NAME = "$(TARGET_NAME)";
				SWIFT_EMIT_LOC_STRINGS = YES;
				SWIFT_VERSION = 5.0;
				TARGETED_DEVICE_FAMILY = "1,2";
			};
			name = Debug;
		};
		BF7AFDDD27F494BD00956BCA /* Release */ = {
			isa = XCBuildConfiguration;
			baseConfigurationReference = 256B2D872A12018761D0228F /* Pods-OnlineShop.release.xcconfig */;
			buildSettings = {
				ASSETCATALOG_COMPILER_APPICON_NAME = AppIcon;
				ASSETCATALOG_COMPILER_GLOBAL_ACCENT_COLOR_NAME = AccentColor;
				CODE_SIGN_STYLE = Automatic;
				CURRENT_PROJECT_VERSION = 1;
				DEVELOPMENT_TEAM = WN5VMWRJC6;
				GENERATE_INFOPLIST_FILE = YES;
				INFOPLIST_FILE = OnlineShop/Info.plist;
				INFOPLIST_KEY_UIApplicationSupportsIndirectInputEvents = YES;
				INFOPLIST_KEY_UILaunchStoryboardName = LaunchScreen;
				INFOPLIST_KEY_UISupportedInterfaceOrientations = UIInterfaceOrientationPortrait;
				INFOPLIST_KEY_UISupportedInterfaceOrientations_iPad = "UIInterfaceOrientationPortrait UIInterfaceOrientationPortraitUpsideDown UIInterfaceOrientationLandscapeLeft UIInterfaceOrientationLandscapeRight";
				INFOPLIST_KEY_UISupportedInterfaceOrientations_iPhone = "UIInterfaceOrientationPortrait UIInterfaceOrientationLandscapeLeft UIInterfaceOrientationLandscapeRight";
				LD_RUNPATH_SEARCH_PATHS = (
					"$(inherited)",
					"@executable_path/Frameworks",
				);
				MARKETING_VERSION = 1.0;
				PRODUCT_BUNDLE_IDENTIFIER = Marchenko.OnlineShop;
				PRODUCT_NAME = "$(TARGET_NAME)";
				SWIFT_EMIT_LOC_STRINGS = YES;
				SWIFT_VERSION = 5.0;
				TARGETED_DEVICE_FAMILY = "1,2";
			};
			name = Release;
		};
/* End XCBuildConfiguration section */

/* Begin XCConfigurationList section */
		BF7AFDC227F494BB00956BCA /* Build configuration list for PBXProject "OnlineShop" */ = {
			isa = XCConfigurationList;
			buildConfigurations = (
				BF7AFDD927F494BD00956BCA /* Debug */,
				BF7AFDDA27F494BD00956BCA /* Release */,
			);
			defaultConfigurationIsVisible = 0;
			defaultConfigurationName = Release;
		};
		BF7AFDDB27F494BD00956BCA /* Build configuration list for PBXNativeTarget "OnlineShop" */ = {
			isa = XCConfigurationList;
			buildConfigurations = (
				BF7AFDDC27F494BD00956BCA /* Debug */,
				BF7AFDDD27F494BD00956BCA /* Release */,
			);
			defaultConfigurationIsVisible = 0;
			defaultConfigurationName = Release;
		};
/* End XCConfigurationList section */
	};
	rootObject = BF7AFDBF27F494BB00956BCA /* Project object */;
}
